
Microsoft Visual Studio Solution File, Format Version 12.00
# Visual Studio 15
VisualStudioVersion = 15.0.28307.2017
MinimumVisualStudioVersion = 10.0.40219.1
Project("{FAE04EC0-301F-11D3-BF4B-00C04F79EFBC}") = "Loop_Assignment", "Loop_Assignment\Loop_Assignment.csproj", "{13CF5F17-E4E3-43A8-9B46-1976626CCE9F}"
EndProject
Global
	GlobalSection(SolutionConfigurationPlatforms) = preSolution
		Debug|Any CPU = Debug|Any CPU
		Release|Any CPU = Release|Any CPU
	EndGlobalSection
	GlobalSection(ProjectConfigurationPlatforms) = postSolution
		{13CF5F17-E4E3-43A8-9B46-1976626CCE9F}.Debug|Any CPU.ActiveCfg = Debug|Any CPU
		{13CF5F17-E4E3-43A8-9B46-1976626CCE9F}.Debug|Any CPU.Build.0 = Debug|Any CPU
		{13CF5F17-E4E3-43A8-9B46-1976626CCE9F}.Release|Any CPU.ActiveCfg = Release|Any CPU
		{13CF5F17-E4E3-43A8-9B46-1976626CCE9F}.Release|Any CPU.Build.0 = Release|Any CPU
	EndGlobalSection
	GlobalSection(SolutionProperties) = preSolution
		HideSolutionNode = FALSE
	EndGlobalSection
	GlobalSection(ExtensibilityGlobals) = postSolution
		SolutionGuid = {C63270AF-4FE6-490C-A7D6-72C18BAC6757}
	EndGlobalSection
EndGlobal
