
Microsoft Visual Studio Solution File, Format Version 12.00
# Visual Studio 15
VisualStudioVersion = 15.0.28307.2017
MinimumVisualStudioVersion = 10.0.40219.1
Project("{FAE04EC0-301F-11D3-BF4B-00C04F79EFBC}") = "String Assignment", "String Assignment\String Assignment.csproj", "{7079E00C-C76B-42F2-AF33-BBCA790DFF6D}"
EndProject
Global
	GlobalSection(SolutionConfigurationPlatforms) = preSolution
		Debug|Any CPU = Debug|Any CPU
		Release|Any CPU = Release|Any CPU
	EndGlobalSection
	GlobalSection(ProjectConfigurationPlatforms) = postSolution
		{7079E00C-C76B-42F2-AF33-BBCA790DFF6D}.Debug|Any CPU.ActiveCfg = Debug|Any CPU
		{7079E00C-C76B-42F2-AF33-BBCA790DFF6D}.Debug|Any CPU.Build.0 = Debug|Any CPU
		{7079E00C-C76B-42F2-AF33-BBCA790DFF6D}.Release|Any CPU.ActiveCfg = Release|Any CPU
		{7079E00C-C76B-42F2-AF33-BBCA790DFF6D}.Release|Any CPU.Build.0 = Release|Any CPU
	EndGlobalSection
	GlobalSection(SolutionProperties) = preSolution
		HideSolutionNode = FALSE
	EndGlobalSection
	GlobalSection(ExtensibilityGlobals) = postSolution
		SolutionGuid = {B73EEB4B-B6AE-4C2B-B862-452DF28C2D7B}
	EndGlobalSection
EndGlobal
